
Microsoft Visual Studio Solution File, Format Version 12.00
# Visual Studio Version 17
VisualStudioVersion = 17.1.32414.318
MinimumVisualStudioVersion = 10.0.40219.1
Project("{9A19103F-16F7-4668-BE54-9A1E7A4F7556}") = "TheKitchen", "TheKitchen\TheKitchen.csproj", "{0C04BEB4-2EE4-4FEA-952D-EB2A2FD6EBAF}"
EndProject
Project("{9A19103F-16F7-4668-BE54-9A1E7A4F7556}") = "Tests", "Tests\Tests.csproj", "{1F9044BF-2915-45D8-9A32-3E15496804F0}"
EndProject
Project("{9A19103F-16F7-4668-BE54-9A1E7A4F7556}") = "Fork", "Fork\Fork.csproj", "{B43447ED-794D-41B9-B177-BB834ED836EC}"
EndProject
Project("{9A19103F-16F7-4668-BE54-9A1E7A4F7556}") = "ForkIO", "ForkIO\ForkIO.csproj", "{4C04E4F6-FEF2-4B27-83DA-B0DDD4C50AF5}"
EndProject
Global
	GlobalSection(SolutionConfigurationPlatforms) = preSolution
		Debug|Any CPU = Debug|Any CPU
		Release|Any CPU = Release|Any CPU
	EndGlobalSection
	GlobalSection(ProjectConfigurationPlatforms) = postSolution
		{0C04BEB4-2EE4-4FEA-952D-EB2A2FD6EBAF}.Debug|Any CPU.ActiveCfg = Debug|Any CPU
		{0C04BEB4-2EE4-4FEA-952D-EB2A2FD6EBAF}.Debug|Any CPU.Build.0 = Debug|Any CPU
		{0C04BEB4-2EE4-4FEA-952D-EB2A2FD6EBAF}.Release|Any CPU.ActiveCfg = Release|Any CPU
		{0C04BEB4-2EE4-4FEA-952D-EB2A2FD6EBAF}.Release|Any CPU.Build.0 = Release|Any CPU
		{1F9044BF-2915-45D8-9A32-3E15496804F0}.Debug|Any CPU.ActiveCfg = Debug|Any CPU
		{1F9044BF-2915-45D8-9A32-3E15496804F0}.Debug|Any CPU.Build.0 = Debug|Any CPU
		{1F9044BF-2915-45D8-9A32-3E15496804F0}.Release|Any CPU.ActiveCfg = Release|Any CPU
		{1F9044BF-2915-45D8-9A32-3E15496804F0}.Release|Any CPU.Build.0 = Release|Any CPU
		{B43447ED-794D-41B9-B177-BB834ED836EC}.Debug|Any CPU.ActiveCfg = Debug|Any CPU
		{B43447ED-794D-41B9-B177-BB834ED836EC}.Debug|Any CPU.Build.0 = Debug|Any CPU
		{B43447ED-794D-41B9-B177-BB834ED836EC}.Release|Any CPU.ActiveCfg = Release|Any CPU
		{B43447ED-794D-41B9-B177-BB834ED836EC}.Release|Any CPU.Build.0 = Release|Any CPU
		{4C04E4F6-FEF2-4B27-83DA-B0DDD4C50AF5}.Debug|Any CPU.ActiveCfg = Debug|Any CPU
		{4C04E4F6-FEF2-4B27-83DA-B0DDD4C50AF5}.Debug|Any CPU.Build.0 = Debug|Any CPU
		{4C04E4F6-FEF2-4B27-83DA-B0DDD4C50AF5}.Release|Any CPU.ActiveCfg = Release|Any CPU
		{4C04E4F6-FEF2-4B27-83DA-B0DDD4C50AF5}.Release|Any CPU.Build.0 = Release|Any CPU
	EndGlobalSection
	GlobalSection(SolutionProperties) = preSolution
		HideSolutionNode = FALSE
	EndGlobalSection
	GlobalSection(ExtensibilityGlobals) = postSolution
		SolutionGuid = {7831615E-D32C-4721-B3DF-34D0B37BA146}
	EndGlobalSection
EndGlobal
